
Microsoft Visual Studio Solution File, Format Version 12.00
# Visual Studio 2013
VisualStudioVersion = 12.0.31101.0
MinimumVisualStudioVersion = 10.0.40219.1
Project("{FAE04EC0-301F-11D3-BF4B-00C04F79EFBC}") = "ProjectScheduler", "ProjectScheduler\ProjectScheduler.csproj", "{65DB6AB5-764B-4084-811A-0232BAFD877F}"
EndProject
Project("{FAE04EC0-301F-11D3-BF4B-00C04F79EFBC}") = "ProjectScheduler.Tests", "ProjectScheduler.Tests\ProjectScheduler.Tests.csproj", "{CABB786F-CFAE-45C9-A3EC-AF41B8A1E5DC}"
EndProject
Global
	GlobalSection(SolutionConfigurationPlatforms) = preSolution
		Debug|Any CPU = Debug|Any CPU
		Release|Any CPU = Release|Any CPU
	EndGlobalSection
	GlobalSection(ProjectConfigurationPlatforms) = postSolution
		{65DB6AB5-764B-4084-811A-0232BAFD877F}.Debug|Any CPU.ActiveCfg = Debug|Any CPU
		{65DB6AB5-764B-4084-811A-0232BAFD877F}.Debug|Any CPU.Build.0 = Debug|Any CPU
		{65DB6AB5-764B-4084-811A-0232BAFD877F}.Release|Any CPU.ActiveCfg = Release|Any CPU
		{65DB6AB5-764B-4084-811A-0232BAFD877F}.Release|Any CPU.Build.0 = Release|Any CPU
		{CABB786F-CFAE-45C9-A3EC-AF41B8A1E5DC}.Debug|Any CPU.ActiveCfg = Debug|Any CPU
		{CABB786F-CFAE-45C9-A3EC-AF41B8A1E5DC}.Debug|Any CPU.Build.0 = Debug|Any CPU
		{CABB786F-CFAE-45C9-A3EC-AF41B8A1E5DC}.Release|Any CPU.ActiveCfg = Release|Any CPU
		{CABB786F-CFAE-45C9-A3EC-AF41B8A1E5DC}.Release|Any CPU.Build.0 = Release|Any CPU
	EndGlobalSection
	GlobalSection(SolutionProperties) = preSolution
		HideSolutionNode = FALSE
	EndGlobalSection
EndGlobal
